
Microsoft Visual Studio Solution File, Format Version 12.00
# Visual Studio Version 17
VisualStudioVersion = 17.13.35806.99 d17.13
MinimumVisualStudioVersion = 10.0.40219.1
Project("{FAE04EC0-301F-11D3-BF4B-00C04F79EFBC}") = "exercicio2", "exercicio2.csproj", "{2EDD836B-06A7-4D1C-AF92-7063F7E3CAD2}"
EndProject
Global
	GlobalSection(SolutionConfigurationPlatforms) = preSolution
		Debug|Any CPU = Debug|Any CPU
		Release|Any CPU = Release|Any CPU
	EndGlobalSection
	GlobalSection(ProjectConfigurationPlatforms) = postSolution
		{2EDD836B-06A7-4D1C-AF92-7063F7E3CAD2}.Debug|Any CPU.ActiveCfg = Debug|Any CPU
		{2EDD836B-06A7-4D1C-AF92-7063F7E3CAD2}.Debug|Any CPU.Build.0 = Debug|Any CPU
		{2EDD836B-06A7-4D1C-AF92-7063F7E3CAD2}.Release|Any CPU.ActiveCfg = Release|Any CPU
		{2EDD836B-06A7-4D1C-AF92-7063F7E3CAD2}.Release|Any CPU.Build.0 = Release|Any CPU
	EndGlobalSection
	GlobalSection(SolutionProperties) = preSolution
		HideSolutionNode = FALSE
	EndGlobalSection
	GlobalSection(ExtensibilityGlobals) = postSolution
		SolutionGuid = {EBFAFDE0-844A-4C3B-A06D-155D321B2070}
	EndGlobalSection
EndGlobal
