
Microsoft Visual Studio Solution File, Format Version 12.00
# Visual Studio Version 17
VisualStudioVersion = 17.13.35806.99 d17.13
MinimumVisualStudioVersion = 10.0.40219.1
Project("{FAE04EC0-301F-11D3-BF4B-00C04F79EFBC}") = "Exercicio4", "Exercicio4.csproj", "{10BC8933-FFF0-409D-A622-7942535211A2}"
EndProject
Global
	GlobalSection(SolutionConfigurationPlatforms) = preSolution
		Debug|Any CPU = Debug|Any CPU
		Release|Any CPU = Release|Any CPU
	EndGlobalSection
	GlobalSection(ProjectConfigurationPlatforms) = postSolution
		{10BC8933-FFF0-409D-A622-7942535211A2}.Debug|Any CPU.ActiveCfg = Debug|Any CPU
		{10BC8933-FFF0-409D-A622-7942535211A2}.Debug|Any CPU.Build.0 = Debug|Any CPU
		{10BC8933-FFF0-409D-A622-7942535211A2}.Release|Any CPU.ActiveCfg = Release|Any CPU
		{10BC8933-FFF0-409D-A622-7942535211A2}.Release|Any CPU.Build.0 = Release|Any CPU
	EndGlobalSection
	GlobalSection(SolutionProperties) = preSolution
		HideSolutionNode = FALSE
	EndGlobalSection
	GlobalSection(ExtensibilityGlobals) = postSolution
		SolutionGuid = {111DB6D3-5491-4A15-8A2B-0BD3968482F3}
	EndGlobalSection
EndGlobal
